
Microsoft Visual Studio Solution File, Format Version 12.00
# Visual Studio Version 17
VisualStudioVersion = 17.7.34031.279
MinimumVisualStudioVersion = 10.0.40219.1
Project("{FAE04EC0-301F-11D3-BF4B-00C04F79EFBC}") = "Analizador_Lexico", "Analizador_Lexico\Analizador_Lexico.csproj", "{52DB3F10-CAA0-4937-B167-2C3E8E77C482}"
EndProject
Global
	GlobalSection(SolutionConfigurationPlatforms) = preSolution
		Debug|Any CPU = Debug|Any CPU
		Release|Any CPU = Release|Any CPU
	EndGlobalSection
	GlobalSection(ProjectConfigurationPlatforms) = postSolution
		{52DB3F10-CAA0-4937-B167-2C3E8E77C482}.Debug|Any CPU.ActiveCfg = Debug|Any CPU
		{52DB3F10-CAA0-4937-B167-2C3E8E77C482}.Debug|Any CPU.Build.0 = Debug|Any CPU
		{52DB3F10-CAA0-4937-B167-2C3E8E77C482}.Release|Any CPU.ActiveCfg = Release|Any CPU
		{52DB3F10-CAA0-4937-B167-2C3E8E77C482}.Release|Any CPU.Build.0 = Release|Any CPU
	EndGlobalSection
	GlobalSection(SolutionProperties) = preSolution
		HideSolutionNode = FALSE
	EndGlobalSection
	GlobalSection(ExtensibilityGlobals) = postSolution
		SolutionGuid = {D724D3FD-7CFA-4328-AD4A-ECAB4332E4E5}
	EndGlobalSection
EndGlobal
